# THIS IS AN AUTOGENERATED FILE. DO NOT EDIT THIS FILE DIRECTLY.
# yarn lockfile v1


codemirror@^5.41.0:
  version "5.41.0"
  resolved "https://registry.yarnpkg.com/codemirror/-/codemirror-5.41.0.tgz#57e245be197643c39440d2840236d3edc4bb1162"

ngsjs@^0.1.6:
  version "0.1.6"
  resolved "https://registry.yarnpkg.com/ngsjs/-/ngsjs-0.1.6.tgz#45ee1e76cd18ecfe99113454cde3fd94072f2424"
